
Microsoft Visual Studio Solution File, Format Version 12.00
# Visual Studio Version 17
VisualStudioVersion = 17.9.34622.214
MinimumVisualStudioVersion = 10.0.40219.1
Project("{FAE04EC0-301F-11D3-BF4B-00C04F79EFBC}") = "NIkitaBAD3", "NIkitaBAD3\NIkitaBAD3.csproj", "{35282AEA-7F6C-46F2-8E52-87A4ACE7E305}"
EndProject
Project("{FAE04EC0-301F-11D3-BF4B-00C04F79EFBC}") = "EmailService", "EmailService\EmailService.csproj", "{7C7F9ACE-F2E7-461F-AB48-C4C549CF0A97}"
EndProject
Global
	GlobalSection(SolutionConfigurationPlatforms) = preSolution
		Debug|Any CPU = Debug|Any CPU
		Release|Any CPU = Release|Any CPU
	EndGlobalSection
	GlobalSection(ProjectConfigurationPlatforms) = postSolution
		{35282AEA-7F6C-46F2-8E52-87A4ACE7E305}.Debug|Any CPU.ActiveCfg = Debug|Any CPU
		{35282AEA-7F6C-46F2-8E52-87A4ACE7E305}.Debug|Any CPU.Build.0 = Debug|Any CPU
		{35282AEA-7F6C-46F2-8E52-87A4ACE7E305}.Release|Any CPU.ActiveCfg = Release|Any CPU
		{35282AEA-7F6C-46F2-8E52-87A4ACE7E305}.Release|Any CPU.Build.0 = Release|Any CPU
		{7C7F9ACE-F2E7-461F-AB48-C4C549CF0A97}.Debug|Any CPU.ActiveCfg = Debug|Any CPU
		{7C7F9ACE-F2E7-461F-AB48-C4C549CF0A97}.Debug|Any CPU.Build.0 = Debug|Any CPU
		{7C7F9ACE-F2E7-461F-AB48-C4C549CF0A97}.Release|Any CPU.ActiveCfg = Release|Any CPU
		{7C7F9ACE-F2E7-461F-AB48-C4C549CF0A97}.Release|Any CPU.Build.0 = Release|Any CPU
	EndGlobalSection
	GlobalSection(SolutionProperties) = preSolution
		HideSolutionNode = FALSE
	EndGlobalSection
	GlobalSection(ExtensibilityGlobals) = postSolution
		SolutionGuid = {47BE17A1-5F1E-46D8-856D-4E30D2616EEA}
	EndGlobalSection
EndGlobal
